
Microsoft Visual Studio Solution File, Format Version 12.00
# Visual Studio Version 17
VisualStudioVersion = 17.7.34221.43
MinimumVisualStudioVersion = 10.0.40219.1
Project("{FAE04EC0-301F-11D3-BF4B-00C04F79EFBC}") = "allat1", "allat1\allat1.csproj", "{71967375-A24A-4DA4-8EF0-970D6626FBF8}"
EndProject
Global
	GlobalSection(SolutionConfigurationPlatforms) = preSolution
		Debug|Any CPU = Debug|Any CPU
		Release|Any CPU = Release|Any CPU
	EndGlobalSection
	GlobalSection(ProjectConfigurationPlatforms) = postSolution
		{71967375-A24A-4DA4-8EF0-970D6626FBF8}.Debug|Any CPU.ActiveCfg = Debug|Any CPU
		{71967375-A24A-4DA4-8EF0-970D6626FBF8}.Debug|Any CPU.Build.0 = Debug|Any CPU
		{71967375-A24A-4DA4-8EF0-970D6626FBF8}.Release|Any CPU.ActiveCfg = Release|Any CPU
		{71967375-A24A-4DA4-8EF0-970D6626FBF8}.Release|Any CPU.Build.0 = Release|Any CPU
	EndGlobalSection
	GlobalSection(SolutionProperties) = preSolution
		HideSolutionNode = FALSE
	EndGlobalSection
	GlobalSection(ExtensibilityGlobals) = postSolution
		SolutionGuid = {1D1E7A37-4B09-425D-B56A-7B515E6D63B5}
	EndGlobalSection
EndGlobal
